
Microsoft Visual Studio Solution File, Format Version 12.00
# Visual Studio 2012
Project("{2150E333-8FDC-42A3-9474-1A3956D46DE8}") = "SystemSharp", "SystemSharp", "{E257D6AE-40A7-453A-BA16-BF2B200751CA}"
EndProject
Project("{FAE04EC0-301F-11D3-BF4B-00C04F79EFBC}") = "SystemSharp", "SystemSharp\SystemSharp\SystemSharp.csproj", "{7FE2ACBB-34B1-45F2-89B3-B07D92193791}"
	ProjectSection(ProjectDependencies) = postProject
		{D0A65306-F275-4646-B1DD-FB472B9EB6AB} = {D0A65306-F275-4646-B1DD-FB472B9EB6AB}
	EndProjectSection
EndProject
Project("{FAE04EC0-301F-11D3-BF4B-00C04F79EFBC}") = "XilinxSupportLib", "SystemSharp\XilinxSupportLib\XilinxSupportLib.csproj", "{266CAD81-BE35-4F1A-B632-C08DB9234BAC}"
	ProjectSection(ProjectDependencies) = postProject
		{7FE2ACBB-34B1-45F2-89B3-B07D92193791} = {7FE2ACBB-34B1-45F2-89B3-B07D92193791}
	EndProjectSection
EndProject
Project("{FAE04EC0-301F-11D3-BF4B-00C04F79EFBC}") = "Test", "SystemSharp\Test\Test.csproj", "{EADCDEB5-650F-43E5-AC98-4C7BD2F3E460}"
EndProject
Project("{FAE04EC0-301F-11D3-BF4B-00C04F79EFBC}") = "MentorSupportLib", "SystemSharp\MentorSupportLib\MentorSupportLib.csproj", "{66971D0C-9BB5-42B9-8A3B-61C5A0F21F09}"
EndProject
Project("{8BC9CEB8-8B4A-11D0-8D11-00A0C91BC942}") = "GraphAlgorithmLib_VC2012", "SystemSharp\GraphAlgorithmLib\GraphAlgorithmLib_VC2012.vcxproj", "{D0A65306-F275-4646-B1DD-FB472B9EB6AB}"
EndProject
Project("{2150E333-8FDC-42A3-9474-1A3956D46DE8}") = "Examples", "Examples", "{51380481-FEA8-40F4-9089-27ED5FBC4E21}"
EndProject
Project("{FAE04EC0-301F-11D3-BF4B-00C04F79EFBC}") = "Arbiter", "Examples\Arbiter\Arbiter.csproj", "{66AC1C37-4388-4F1A-A120-6C3A9DDCBF7B}"
EndProject
Project("{FAE04EC0-301F-11D3-BF4B-00C04F79EFBC}") = "Compiler", "Examples\Compiler\Compiler.csproj", "{91322DB1-B3F4-40E1-919E-28A16FF1CC6F}"
EndProject
Project("{FAE04EC0-301F-11D3-BF4B-00C04F79EFBC}") = "Counter", "Examples\Counter\Counter.csproj", "{07D93D8F-3F4D-4EF4-85E7-E347F973F437}"
EndProject
Project("{FAE04EC0-301F-11D3-BF4B-00C04F79EFBC}") = "Counter_SFix", "Examples\Counter_SFix\Counter_SFix.csproj", "{4DC37DFB-A96E-4116-AB2B-CC738DC79361}"
EndProject
Project("{FAE04EC0-301F-11D3-BF4B-00C04F79EFBC}") = "FFT_FloatingPoint", "Examples\FFT_FloatingPoint\FFT_FloatingPoint.csproj", "{F3EED9C4-647B-4BDA-A744-D8A3C0376602}"
EndProject
Project("{FAE04EC0-301F-11D3-BF4B-00C04F79EFBC}") = "ManyCounters", "Examples\ManyCounters\ManyCounters.csproj", "{4F5753AA-68E4-4B71-80BE-1A5758FB0DE6}"
EndProject
Project("{FAE04EC0-301F-11D3-BF4B-00C04F79EFBC}") = "SerParBits", "Examples\SerParBits\SerParBits.csproj", "{A166F021-1D18-467B-9384-579F5985555B}"
EndProject
Project("{FAE04EC0-301F-11D3-BF4B-00C04F79EFBC}") = "XilinxAddsub", "Examples\XilinxAddSub\XilinxAddsub.csproj", "{0369FC99-8AA0-4595-B140-E55AC58DAB6F}"
EndProject
Project("{FAE04EC0-301F-11D3-BF4B-00C04F79EFBC}") = "XilinxCordic", "Examples\XilinxCordic\XilinxCordic.csproj", "{38D5A7A2-09B5-446E-8F10-B10E7FDD958C}"
EndProject
Project("{FAE04EC0-301F-11D3-BF4B-00C04F79EFBC}") = "XilinxDivider", "Examples\XilinxDivider\XilinxDivider.csproj", "{A56E8C10-C25C-4314-B101-955B261F518A}"
EndProject
Project("{FAE04EC0-301F-11D3-BF4B-00C04F79EFBC}") = "XilinxMultiplier", "Examples\XilinxMultiplier\XilinxMultiplier.csproj", "{E13F5D09-9D7F-4738-AD03-EEBD9C7095E0}"
EndProject
Project("{FAE04EC0-301F-11D3-BF4B-00C04F79EFBC}") = "XilinxFlptCore", "Examples\XilinxTest\XilinxFlptCore.csproj", "{D0990447-8414-4C97-9CA4-08D01760D45C}"
EndProject
Project("{2150E333-8FDC-42A3-9474-1A3956D46DE8}") = ".nuget", ".nuget", "{DCA60857-312B-4122-8AE2-33B8B933910B}"
EndProject
Project("{2150E333-8FDC-42A3-9474-1A3956D46DE8}") = "Test", "Test", "{4C9ED07C-CE05-42EF-A908-63B9E7E79E77}"
EndProject
Project("{FAE04EC0-301F-11D3-BF4B-00C04F79EFBC}") = "UnitTests", "UnitTests\UnitTests.csproj", "{38C0472E-C4BF-4763-BD19-A8E21D260918}"
EndProject
Global
	GlobalSection(SolutionConfigurationPlatforms) = preSolution
		Debug|Any CPU = Debug|Any CPU
		Debug|Mixed Platforms = Debug|Mixed Platforms
		Debug|Win32 = Debug|Win32
		Debug|x86 = Debug|x86
		Release|Any CPU = Release|Any CPU
		Release|Mixed Platforms = Release|Mixed Platforms
		Release|Win32 = Release|Win32
		Release|x86 = Release|x86
	EndGlobalSection
	GlobalSection(ProjectConfigurationPlatforms) = postSolution
		{7FE2ACBB-34B1-45F2-89B3-B07D92193791}.Debug|Any CPU.ActiveCfg = Debug|Any CPU
		{7FE2ACBB-34B1-45F2-89B3-B07D92193791}.Debug|Any CPU.Build.0 = Debug|Any CPU
		{7FE2ACBB-34B1-45F2-89B3-B07D92193791}.Debug|Mixed Platforms.ActiveCfg = Debug|Any CPU
		{7FE2ACBB-34B1-45F2-89B3-B07D92193791}.Debug|Mixed Platforms.Build.0 = Debug|Any CPU
		{7FE2ACBB-34B1-45F2-89B3-B07D92193791}.Debug|Win32.ActiveCfg = Debug|Any CPU
		{7FE2ACBB-34B1-45F2-89B3-B07D92193791}.Debug|x86.ActiveCfg = Debug|Any CPU
		{7FE2ACBB-34B1-45F2-89B3-B07D92193791}.Release|Any CPU.ActiveCfg = Release|Any CPU
		{7FE2ACBB-34B1-45F2-89B3-B07D92193791}.Release|Any CPU.Build.0 = Release|Any CPU
		{7FE2ACBB-34B1-45F2-89B3-B07D92193791}.Release|Mixed Platforms.ActiveCfg = Release|Any CPU
		{7FE2ACBB-34B1-45F2-89B3-B07D92193791}.Release|Mixed Platforms.Build.0 = Release|Any CPU
		{7FE2ACBB-34B1-45F2-89B3-B07D92193791}.Release|Win32.ActiveCfg = Release|Any CPU
		{7FE2ACBB-34B1-45F2-89B3-B07D92193791}.Release|x86.ActiveCfg = Release|Any CPU
		{266CAD81-BE35-4F1A-B632-C08DB9234BAC}.Debug|Any CPU.ActiveCfg = Debug|Any CPU
		{266CAD81-BE35-4F1A-B632-C08DB9234BAC}.Debug|Any CPU.Build.0 = Debug|Any CPU
		{266CAD81-BE35-4F1A-B632-C08DB9234BAC}.Debug|Mixed Platforms.ActiveCfg = Debug|Any CPU
		{266CAD81-BE35-4F1A-B632-C08DB9234BAC}.Debug|Mixed Platforms.Build.0 = Debug|Any CPU
		{266CAD81-BE35-4F1A-B632-C08DB9234BAC}.Debug|Win32.ActiveCfg = Debug|Any CPU
		{266CAD81-BE35-4F1A-B632-C08DB9234BAC}.Debug|x86.ActiveCfg = Debug|Any CPU
		{266CAD81-BE35-4F1A-B632-C08DB9234BAC}.Release|Any CPU.ActiveCfg = Release|Any CPU
		{266CAD81-BE35-4F1A-B632-C08DB9234BAC}.Release|Any CPU.Build.0 = Release|Any CPU
		{266CAD81-BE35-4F1A-B632-C08DB9234BAC}.Release|Mixed Platforms.ActiveCfg = Release|Any CPU
		{266CAD81-BE35-4F1A-B632-C08DB9234BAC}.Release|Mixed Platforms.Build.0 = Release|Any CPU
		{266CAD81-BE35-4F1A-B632-C08DB9234BAC}.Release|Win32.ActiveCfg = Release|Any CPU
		{266CAD81-BE35-4F1A-B632-C08DB9234BAC}.Release|x86.ActiveCfg = Release|Any CPU
		{EADCDEB5-650F-43E5-AC98-4C7BD2F3E460}.Debug|Any CPU.ActiveCfg = Debug|x86
		{EADCDEB5-650F-43E5-AC98-4C7BD2F3E460}.Debug|Any CPU.Build.0 = Debug|x86
		{EADCDEB5-650F-43E5-AC98-4C7BD2F3E460}.Debug|Mixed Platforms.ActiveCfg = Debug|x86
		{EADCDEB5-650F-43E5-AC98-4C7BD2F3E460}.Debug|Mixed Platforms.Build.0 = Debug|x86
		{EADCDEB5-650F-43E5-AC98-4C7BD2F3E460}.Debug|Win32.ActiveCfg = Debug|x86
		{EADCDEB5-650F-43E5-AC98-4C7BD2F3E460}.Debug|Win32.Build.0 = Debug|x86
		{EADCDEB5-650F-43E5-AC98-4C7BD2F3E460}.Debug|x86.ActiveCfg = Debug|x86
		{EADCDEB5-650F-43E5-AC98-4C7BD2F3E460}.Debug|x86.Build.0 = Debug|x86
		{EADCDEB5-650F-43E5-AC98-4C7BD2F3E460}.Release|Any CPU.ActiveCfg = Release|x86
		{EADCDEB5-650F-43E5-AC98-4C7BD2F3E460}.Release|Any CPU.Build.0 = Release|x86
		{EADCDEB5-650F-43E5-AC98-4C7BD2F3E460}.Release|Mixed Platforms.ActiveCfg = Release|x86
		{EADCDEB5-650F-43E5-AC98-4C7BD2F3E460}.Release|Mixed Platforms.Build.0 = Release|x86
		{EADCDEB5-650F-43E5-AC98-4C7BD2F3E460}.Release|Win32.ActiveCfg = Release|x86
		{EADCDEB5-650F-43E5-AC98-4C7BD2F3E460}.Release|x86.ActiveCfg = Release|x86
		{EADCDEB5-650F-43E5-AC98-4C7BD2F3E460}.Release|x86.Build.0 = Release|x86
		{66971D0C-9BB5-42B9-8A3B-61C5A0F21F09}.Debug|Any CPU.ActiveCfg = Debug|Any CPU
		{66971D0C-9BB5-42B9-8A3B-61C5A0F21F09}.Debug|Any CPU.Build.0 = Debug|Any CPU
		{66971D0C-9BB5-42B9-8A3B-61C5A0F21F09}.Debug|Mixed Platforms.ActiveCfg = Debug|Any CPU
		{66971D0C-9BB5-42B9-8A3B-61C5A0F21F09}.Debug|Mixed Platforms.Build.0 = Debug|Any CPU
		{66971D0C-9BB5-42B9-8A3B-61C5A0F21F09}.Debug|Win32.ActiveCfg = Debug|Any CPU
		{66971D0C-9BB5-42B9-8A3B-61C5A0F21F09}.Debug|x86.ActiveCfg = Debug|Any CPU
		{66971D0C-9BB5-42B9-8A3B-61C5A0F21F09}.Release|Any CPU.ActiveCfg = Release|Any CPU
		{66971D0C-9BB5-42B9-8A3B-61C5A0F21F09}.Release|Any CPU.Build.0 = Release|Any CPU
		{66971D0C-9BB5-42B9-8A3B-61C5A0F21F09}.Release|Mixed Platforms.ActiveCfg = Release|Any CPU
		{66971D0C-9BB5-42B9-8A3B-61C5A0F21F09}.Release|Mixed Platforms.Build.0 = Release|Any CPU
		{66971D0C-9BB5-42B9-8A3B-61C5A0F21F09}.Release|Win32.ActiveCfg = Release|Any CPU
		{66971D0C-9BB5-42B9-8A3B-61C5A0F21F09}.Release|x86.ActiveCfg = Release|Any CPU
		{D0A65306-F275-4646-B1DD-FB472B9EB6AB}.Debug|Any CPU.ActiveCfg = Debug|Win32
		{D0A65306-F275-4646-B1DD-FB472B9EB6AB}.Debug|Any CPU.Build.0 = Debug|Win32
		{D0A65306-F275-4646-B1DD-FB472B9EB6AB}.Debug|Mixed Platforms.ActiveCfg = Debug|Win32
		{D0A65306-F275-4646-B1DD-FB472B9EB6AB}.Debug|Mixed Platforms.Build.0 = Debug|Win32
		{D0A65306-F275-4646-B1DD-FB472B9EB6AB}.Debug|Win32.ActiveCfg = Debug|Win32
		{D0A65306-F275-4646-B1DD-FB472B9EB6AB}.Debug|Win32.Build.0 = Debug|Win32
		{D0A65306-F275-4646-B1DD-FB472B9EB6AB}.Debug|x86.ActiveCfg = Debug|Win32
		{D0A65306-F275-4646-B1DD-FB472B9EB6AB}.Debug|x86.Build.0 = Debug|Win32
		{D0A65306-F275-4646-B1DD-FB472B9EB6AB}.Release|Any CPU.ActiveCfg = Release|Win32
		{D0A65306-F275-4646-B1DD-FB472B9EB6AB}.Release|Any CPU.Build.0 = Release|Win32
		{D0A65306-F275-4646-B1DD-FB472B9EB6AB}.Release|Mixed Platforms.ActiveCfg = Release|Win32
		{D0A65306-F275-4646-B1DD-FB472B9EB6AB}.Release|Mixed Platforms.Build.0 = Release|Win32
		{D0A65306-F275-4646-B1DD-FB472B9EB6AB}.Release|Win32.ActiveCfg = Release|Win32
		{D0A65306-F275-4646-B1DD-FB472B9EB6AB}.Release|Win32.Build.0 = Release|Win32
		{D0A65306-F275-4646-B1DD-FB472B9EB6AB}.Release|x86.ActiveCfg = Release|Win32
		{D0A65306-F275-4646-B1DD-FB472B9EB6AB}.Release|x86.Build.0 = Release|Win32
		{66AC1C37-4388-4F1A-A120-6C3A9DDCBF7B}.Debug|Any CPU.ActiveCfg = Debug|x86
		{66AC1C37-4388-4F1A-A120-6C3A9DDCBF7B}.Debug|Mixed Platforms.ActiveCfg = Debug|x86
		{66AC1C37-4388-4F1A-A120-6C3A9DDCBF7B}.Debug|Mixed Platforms.Build.0 = Debug|x86
		{66AC1C37-4388-4F1A-A120-6C3A9DDCBF7B}.Debug|Win32.ActiveCfg = Debug|x86
		{66AC1C37-4388-4F1A-A120-6C3A9DDCBF7B}.Debug|Win32.Build.0 = Debug|x86
		{66AC1C37-4388-4F1A-A120-6C3A9DDCBF7B}.Debug|x86.ActiveCfg = Debug|x86
		{66AC1C37-4388-4F1A-A120-6C3A9DDCBF7B}.Debug|x86.Build.0 = Debug|x86
		{66AC1C37-4388-4F1A-A120-6C3A9DDCBF7B}.Release|Any CPU.ActiveCfg = Release|x86
		{66AC1C37-4388-4F1A-A120-6C3A9DDCBF7B}.Release|Mixed Platforms.ActiveCfg = Release|x86
		{66AC1C37-4388-4F1A-A120-6C3A9DDCBF7B}.Release|Mixed Platforms.Build.0 = Release|x86
		{66AC1C37-4388-4F1A-A120-6C3A9DDCBF7B}.Release|Win32.ActiveCfg = Release|x86
		{66AC1C37-4388-4F1A-A120-6C3A9DDCBF7B}.Release|Win32.Build.0 = Release|x86
		{66AC1C37-4388-4F1A-A120-6C3A9DDCBF7B}.Release|x86.ActiveCfg = Release|x86
		{66AC1C37-4388-4F1A-A120-6C3A9DDCBF7B}.Release|x86.Build.0 = Release|x86
		{91322DB1-B3F4-40E1-919E-28A16FF1CC6F}.Debug|Any CPU.ActiveCfg = Debug|x86
		{91322DB1-B3F4-40E1-919E-28A16FF1CC6F}.Debug|Mixed Platforms.ActiveCfg = Debug|x86
		{91322DB1-B3F4-40E1-919E-28A16FF1CC6F}.Debug|Mixed Platforms.Build.0 = Debug|x86
		{91322DB1-B3F4-40E1-919E-28A16FF1CC6F}.Debug|Win32.ActiveCfg = Debug|x86
		{91322DB1-B3F4-40E1-919E-28A16FF1CC6F}.Debug|Win32.Build.0 = Debug|x86
		{91322DB1-B3F4-40E1-919E-28A16FF1CC6F}.Debug|x86.ActiveCfg = Debug|x86
		{91322DB1-B3F4-40E1-919E-28A16FF1CC6F}.Debug|x86.Build.0 = Debug|x86
		{91322DB1-B3F4-40E1-919E-28A16FF1CC6F}.Release|Any CPU.ActiveCfg = Release|x86
		{91322DB1-B3F4-40E1-919E-28A16FF1CC6F}.Release|Mixed Platforms.ActiveCfg = Release|x86
		{91322DB1-B3F4-40E1-919E-28A16FF1CC6F}.Release|Mixed Platforms.Build.0 = Release|x86
		{91322DB1-B3F4-40E1-919E-28A16FF1CC6F}.Release|Win32.ActiveCfg = Release|x86
		{91322DB1-B3F4-40E1-919E-28A16FF1CC6F}.Release|Win32.Build.0 = Release|x86
		{91322DB1-B3F4-40E1-919E-28A16FF1CC6F}.Release|x86.ActiveCfg = Release|x86
		{91322DB1-B3F4-40E1-919E-28A16FF1CC6F}.Release|x86.Build.0 = Release|x86
		{07D93D8F-3F4D-4EF4-85E7-E347F973F437}.Debug|Any CPU.ActiveCfg = Debug|x86
		{07D93D8F-3F4D-4EF4-85E7-E347F973F437}.Debug|Mixed Platforms.ActiveCfg = Debug|x86
		{07D93D8F-3F4D-4EF4-85E7-E347F973F437}.Debug|Mixed Platforms.Build.0 = Debug|x86
		{07D93D8F-3F4D-4EF4-85E7-E347F973F437}.Debug|Win32.ActiveCfg = Debug|x86
		{07D93D8F-3F4D-4EF4-85E7-E347F973F437}.Debug|Win32.Build.0 = Debug|x86
		{07D93D8F-3F4D-4EF4-85E7-E347F973F437}.Debug|x86.ActiveCfg = Debug|x86
		{07D93D8F-3F4D-4EF4-85E7-E347F973F437}.Debug|x86.Build.0 = Debug|x86
		{07D93D8F-3F4D-4EF4-85E7-E347F973F437}.Release|Any CPU.ActiveCfg = Release|x86
		{07D93D8F-3F4D-4EF4-85E7-E347F973F437}.Release|Mixed Platforms.ActiveCfg = Release|x86
		{07D93D8F-3F4D-4EF4-85E7-E347F973F437}.Release|Mixed Platforms.Build.0 = Release|x86
		{07D93D8F-3F4D-4EF4-85E7-E347F973F437}.Release|Win32.ActiveCfg = Release|x86
		{07D93D8F-3F4D-4EF4-85E7-E347F973F437}.Release|Win32.Build.0 = Release|x86
		{07D93D8F-3F4D-4EF4-85E7-E347F973F437}.Release|x86.ActiveCfg = Release|x86
		{07D93D8F-3F4D-4EF4-85E7-E347F973F437}.Release|x86.Build.0 = Release|x86
		{4DC37DFB-A96E-4116-AB2B-CC738DC79361}.Debug|Any CPU.ActiveCfg = Debug|Any CPU
		{4DC37DFB-A96E-4116-AB2B-CC738DC79361}.Debug|Any CPU.Build.0 = Debug|Any CPU
		{4DC37DFB-A96E-4116-AB2B-CC738DC79361}.Debug|Mixed Platforms.ActiveCfg = Debug|Any CPU
		{4DC37DFB-A96E-4116-AB2B-CC738DC79361}.Debug|Mixed Platforms.Build.0 = Debug|Any CPU
		{4DC37DFB-A96E-4116-AB2B-CC738DC79361}.Debug|Win32.ActiveCfg = Debug|Any CPU
		{4DC37DFB-A96E-4116-AB2B-CC738DC79361}.Debug|x86.ActiveCfg = Debug|Any CPU
		{4DC37DFB-A96E-4116-AB2B-CC738DC79361}.Release|Any CPU.ActiveCfg = Release|Any CPU
		{4DC37DFB-A96E-4116-AB2B-CC738DC79361}.Release|Any CPU.Build.0 = Release|Any CPU
		{4DC37DFB-A96E-4116-AB2B-CC738DC79361}.Release|Mixed Platforms.ActiveCfg = Release|Any CPU
		{4DC37DFB-A96E-4116-AB2B-CC738DC79361}.Release|Mixed Platforms.Build.0 = Release|Any CPU
		{4DC37DFB-A96E-4116-AB2B-CC738DC79361}.Release|Win32.ActiveCfg = Release|Any CPU
		{4DC37DFB-A96E-4116-AB2B-CC738DC79361}.Release|x86.ActiveCfg = Release|Any CPU
		{F3EED9C4-647B-4BDA-A744-D8A3C0376602}.Debug|Any CPU.ActiveCfg = Debug|x86
		{F3EED9C4-647B-4BDA-A744-D8A3C0376602}.Debug|Mixed Platforms.ActiveCfg = Debug|x86
		{F3EED9C4-647B-4BDA-A744-D8A3C0376602}.Debug|Mixed Platforms.Build.0 = Debug|x86
		{F3EED9C4-647B-4BDA-A744-D8A3C0376602}.Debug|Win32.ActiveCfg = Debug|x86
		{F3EED9C4-647B-4BDA-A744-D8A3C0376602}.Debug|Win32.Build.0 = Debug|x86
		{F3EED9C4-647B-4BDA-A744-D8A3C0376602}.Debug|x86.ActiveCfg = Debug|x86
		{F3EED9C4-647B-4BDA-A744-D8A3C0376602}.Debug|x86.Build.0 = Debug|x86
		{F3EED9C4-647B-4BDA-A744-D8A3C0376602}.Release|Any CPU.ActiveCfg = Release|x86
		{F3EED9C4-647B-4BDA-A744-D8A3C0376602}.Release|Mixed Platforms.ActiveCfg = Release|x86
		{F3EED9C4-647B-4BDA-A744-D8A3C0376602}.Release|Mixed Platforms.Build.0 = Release|x86
		{F3EED9C4-647B-4BDA-A744-D8A3C0376602}.Release|Win32.ActiveCfg = Release|x86
		{F3EED9C4-647B-4BDA-A744-D8A3C0376602}.Release|Win32.Build.0 = Release|x86
		{F3EED9C4-647B-4BDA-A744-D8A3C0376602}.Release|x86.ActiveCfg = Release|x86
		{F3EED9C4-647B-4BDA-A744-D8A3C0376602}.Release|x86.Build.0 = Release|x86
		{4F5753AA-68E4-4B71-80BE-1A5758FB0DE6}.Debug|Any CPU.ActiveCfg = Debug|Any CPU
		{4F5753AA-68E4-4B71-80BE-1A5758FB0DE6}.Debug|Any CPU.Build.0 = Debug|Any CPU
		{4F5753AA-68E4-4B71-80BE-1A5758FB0DE6}.Debug|Mixed Platforms.ActiveCfg = Debug|Any CPU
		{4F5753AA-68E4-4B71-80BE-1A5758FB0DE6}.Debug|Mixed Platforms.Build.0 = Debug|Any CPU
		{4F5753AA-68E4-4B71-80BE-1A5758FB0DE6}.Debug|Win32.ActiveCfg = Debug|Any CPU
		{4F5753AA-68E4-4B71-80BE-1A5758FB0DE6}.Debug|x86.ActiveCfg = Debug|Any CPU
		{4F5753AA-68E4-4B71-80BE-1A5758FB0DE6}.Release|Any CPU.ActiveCfg = Release|Any CPU
		{4F5753AA-68E4-4B71-80BE-1A5758FB0DE6}.Release|Any CPU.Build.0 = Release|Any CPU
		{4F5753AA-68E4-4B71-80BE-1A5758FB0DE6}.Release|Mixed Platforms.ActiveCfg = Release|Any CPU
		{4F5753AA-68E4-4B71-80BE-1A5758FB0DE6}.Release|Mixed Platforms.Build.0 = Release|Any CPU
		{4F5753AA-68E4-4B71-80BE-1A5758FB0DE6}.Release|Win32.ActiveCfg = Release|Any CPU
		{4F5753AA-68E4-4B71-80BE-1A5758FB0DE6}.Release|x86.ActiveCfg = Release|Any CPU
		{A166F021-1D18-467B-9384-579F5985555B}.Debug|Any CPU.ActiveCfg = Debug|x86
		{A166F021-1D18-467B-9384-579F5985555B}.Debug|Mixed Platforms.ActiveCfg = Debug|x86
		{A166F021-1D18-467B-9384-579F5985555B}.Debug|Mixed Platforms.Build.0 = Debug|x86
		{A166F021-1D18-467B-9384-579F5985555B}.Debug|Win32.ActiveCfg = Debug|x86
		{A166F021-1D18-467B-9384-579F5985555B}.Debug|Win32.Build.0 = Debug|x86
		{A166F021-1D18-467B-9384-579F5985555B}.Debug|x86.ActiveCfg = Debug|x86
		{A166F021-1D18-467B-9384-579F5985555B}.Debug|x86.Build.0 = Debug|x86
		{A166F021-1D18-467B-9384-579F5985555B}.Release|Any CPU.ActiveCfg = Release|x86
		{A166F021-1D18-467B-9384-579F5985555B}.Release|Mixed Platforms.ActiveCfg = Release|x86
		{A166F021-1D18-467B-9384-579F5985555B}.Release|Mixed Platforms.Build.0 = Release|x86
		{A166F021-1D18-467B-9384-579F5985555B}.Release|Win32.ActiveCfg = Release|x86
		{A166F021-1D18-467B-9384-579F5985555B}.Release|Win32.Build.0 = Release|x86
		{A166F021-1D18-467B-9384-579F5985555B}.Release|x86.ActiveCfg = Release|x86
		{A166F021-1D18-467B-9384-579F5985555B}.Release|x86.Build.0 = Release|x86
		{0369FC99-8AA0-4595-B140-E55AC58DAB6F}.Debug|Any CPU.ActiveCfg = Debug|x86
		{0369FC99-8AA0-4595-B140-E55AC58DAB6F}.Debug|Mixed Platforms.ActiveCfg = Debug|x86
		{0369FC99-8AA0-4595-B140-E55AC58DAB6F}.Debug|Mixed Platforms.Build.0 = Debug|x86
		{0369FC99-8AA0-4595-B140-E55AC58DAB6F}.Debug|Win32.ActiveCfg = Debug|x86
		{0369FC99-8AA0-4595-B140-E55AC58DAB6F}.Debug|Win32.Build.0 = Debug|x86
		{0369FC99-8AA0-4595-B140-E55AC58DAB6F}.Debug|x86.ActiveCfg = Debug|x86
		{0369FC99-8AA0-4595-B140-E55AC58DAB6F}.Debug|x86.Build.0 = Debug|x86
		{0369FC99-8AA0-4595-B140-E55AC58DAB6F}.Release|Any CPU.ActiveCfg = Release|x86
		{0369FC99-8AA0-4595-B140-E55AC58DAB6F}.Release|Mixed Platforms.ActiveCfg = Release|x86
		{0369FC99-8AA0-4595-B140-E55AC58DAB6F}.Release|Mixed Platforms.Build.0 = Release|x86
		{0369FC99-8AA0-4595-B140-E55AC58DAB6F}.Release|Win32.ActiveCfg = Release|x86
		{0369FC99-8AA0-4595-B140-E55AC58DAB6F}.Release|Win32.Build.0 = Release|x86
		{0369FC99-8AA0-4595-B140-E55AC58DAB6F}.Release|x86.ActiveCfg = Release|x86
		{0369FC99-8AA0-4595-B140-E55AC58DAB6F}.Release|x86.Build.0 = Release|x86
		{38D5A7A2-09B5-446E-8F10-B10E7FDD958C}.Debug|Any CPU.ActiveCfg = Debug|x86
		{38D5A7A2-09B5-446E-8F10-B10E7FDD958C}.Debug|Mixed Platforms.ActiveCfg = Debug|x86
		{38D5A7A2-09B5-446E-8F10-B10E7FDD958C}.Debug|Mixed Platforms.Build.0 = Debug|x86
		{38D5A7A2-09B5-446E-8F10-B10E7FDD958C}.Debug|Win32.ActiveCfg = Debug|x86
		{38D5A7A2-09B5-446E-8F10-B10E7FDD958C}.Debug|Win32.Build.0 = Debug|x86
		{38D5A7A2-09B5-446E-8F10-B10E7FDD958C}.Debug|x86.ActiveCfg = Debug|x86
		{38D5A7A2-09B5-446E-8F10-B10E7FDD958C}.Debug|x86.Build.0 = Debug|x86
		{38D5A7A2-09B5-446E-8F10-B10E7FDD958C}.Release|Any CPU.ActiveCfg = Release|x86
		{38D5A7A2-09B5-446E-8F10-B10E7FDD958C}.Release|Mixed Platforms.ActiveCfg = Release|x86
		{38D5A7A2-09B5-446E-8F10-B10E7FDD958C}.Release|Mixed Platforms.Build.0 = Release|x86
		{38D5A7A2-09B5-446E-8F10-B10E7FDD958C}.Release|Win32.ActiveCfg = Release|x86
		{38D5A7A2-09B5-446E-8F10-B10E7FDD958C}.Release|Win32.Build.0 = Release|x86
		{38D5A7A2-09B5-446E-8F10-B10E7FDD958C}.Release|x86.ActiveCfg = Release|x86
		{38D5A7A2-09B5-446E-8F10-B10E7FDD958C}.Release|x86.Build.0 = Release|x86
		{A56E8C10-C25C-4314-B101-955B261F518A}.Debug|Any CPU.ActiveCfg = Debug|x86
		{A56E8C10-C25C-4314-B101-955B261F518A}.Debug|Mixed Platforms.ActiveCfg = Debug|x86
		{A56E8C10-C25C-4314-B101-955B261F518A}.Debug|Mixed Platforms.Build.0 = Debug|x86
		{A56E8C10-C25C-4314-B101-955B261F518A}.Debug|Win32.ActiveCfg = Debug|x86
		{A56E8C10-C25C-4314-B101-955B261F518A}.Debug|Win32.Build.0 = Debug|x86
		{A56E8C10-C25C-4314-B101-955B261F518A}.Debug|x86.ActiveCfg = Debug|x86
		{A56E8C10-C25C-4314-B101-955B261F518A}.Debug|x86.Build.0 = Debug|x86
		{A56E8C10-C25C-4314-B101-955B261F518A}.Release|Any CPU.ActiveCfg = Release|x86
		{A56E8C10-C25C-4314-B101-955B261F518A}.Release|Mixed Platforms.ActiveCfg = Release|x86
		{A56E8C10-C25C-4314-B101-955B261F518A}.Release|Mixed Platforms.Build.0 = Release|x86
		{A56E8C10-C25C-4314-B101-955B261F518A}.Release|Win32.ActiveCfg = Release|x86
		{A56E8C10-C25C-4314-B101-955B261F518A}.Release|Win32.Build.0 = Release|x86
		{A56E8C10-C25C-4314-B101-955B261F518A}.Release|x86.ActiveCfg = Release|x86
		{A56E8C10-C25C-4314-B101-955B261F518A}.Release|x86.Build.0 = Release|x86
		{E13F5D09-9D7F-4738-AD03-EEBD9C7095E0}.Debug|Any CPU.ActiveCfg = Debug|x86
		{E13F5D09-9D7F-4738-AD03-EEBD9C7095E0}.Debug|Mixed Platforms.ActiveCfg = Debug|x86
		{E13F5D09-9D7F-4738-AD03-EEBD9C7095E0}.Debug|Mixed Platforms.Build.0 = Debug|x86
		{E13F5D09-9D7F-4738-AD03-EEBD9C7095E0}.Debug|Win32.ActiveCfg = Debug|x86
		{E13F5D09-9D7F-4738-AD03-EEBD9C7095E0}.Debug|Win32.Build.0 = Debug|x86
		{E13F5D09-9D7F-4738-AD03-EEBD9C7095E0}.Debug|x86.ActiveCfg = Debug|x86
		{E13F5D09-9D7F-4738-AD03-EEBD9C7095E0}.Debug|x86.Build.0 = Debug|x86
		{E13F5D09-9D7F-4738-AD03-EEBD9C7095E0}.Release|Any CPU.ActiveCfg = Release|x86
		{E13F5D09-9D7F-4738-AD03-EEBD9C7095E0}.Release|Mixed Platforms.ActiveCfg = Release|x86
		{E13F5D09-9D7F-4738-AD03-EEBD9C7095E0}.Release|Mixed Platforms.Build.0 = Release|x86
		{E13F5D09-9D7F-4738-AD03-EEBD9C7095E0}.Release|Win32.ActiveCfg = Release|x86
		{E13F5D09-9D7F-4738-AD03-EEBD9C7095E0}.Release|Win32.Build.0 = Release|x86
		{E13F5D09-9D7F-4738-AD03-EEBD9C7095E0}.Release|x86.ActiveCfg = Release|x86
		{E13F5D09-9D7F-4738-AD03-EEBD9C7095E0}.Release|x86.Build.0 = Release|x86
		{D0990447-8414-4C97-9CA4-08D01760D45C}.Debug|Any CPU.ActiveCfg = Debug|x86
		{D0990447-8414-4C97-9CA4-08D01760D45C}.Debug|Mixed Platforms.ActiveCfg = Debug|x86
		{D0990447-8414-4C97-9CA4-08D01760D45C}.Debug|Mixed Platforms.Build.0 = Debug|x86
		{D0990447-8414-4C97-9CA4-08D01760D45C}.Debug|Win32.ActiveCfg = Debug|x86
		{D0990447-8414-4C97-9CA4-08D01760D45C}.Debug|Win32.Build.0 = Debug|x86
		{D0990447-8414-4C97-9CA4-08D01760D45C}.Debug|x86.ActiveCfg = Debug|x86
		{D0990447-8414-4C97-9CA4-08D01760D45C}.Debug|x86.Build.0 = Debug|x86
		{D0990447-8414-4C97-9CA4-08D01760D45C}.Release|Any CPU.ActiveCfg = Release|x86
		{D0990447-8414-4C97-9CA4-08D01760D45C}.Release|Mixed Platforms.ActiveCfg = Release|x86
		{D0990447-8414-4C97-9CA4-08D01760D45C}.Release|Mixed Platforms.Build.0 = Release|x86
		{D0990447-8414-4C97-9CA4-08D01760D45C}.Release|Win32.ActiveCfg = Release|x86
		{D0990447-8414-4C97-9CA4-08D01760D45C}.Release|Win32.Build.0 = Release|x86
		{D0990447-8414-4C97-9CA4-08D01760D45C}.Release|x86.ActiveCfg = Release|x86
		{D0990447-8414-4C97-9CA4-08D01760D45C}.Release|x86.Build.0 = Release|x86
		{38C0472E-C4BF-4763-BD19-A8E21D260918}.Debug|Any CPU.ActiveCfg = Debug|Any CPU
		{38C0472E-C4BF-4763-BD19-A8E21D260918}.Debug|Any CPU.Build.0 = Debug|Any CPU
		{38C0472E-C4BF-4763-BD19-A8E21D260918}.Debug|Mixed Platforms.ActiveCfg = Debug|Any CPU
		{38C0472E-C4BF-4763-BD19-A8E21D260918}.Debug|Mixed Platforms.Build.0 = Debug|Any CPU
		{38C0472E-C4BF-4763-BD19-A8E21D260918}.Debug|Win32.ActiveCfg = Debug|Any CPU
		{38C0472E-C4BF-4763-BD19-A8E21D260918}.Debug|x86.ActiveCfg = Debug|Any CPU
		{38C0472E-C4BF-4763-BD19-A8E21D260918}.Release|Any CPU.ActiveCfg = Release|Any CPU
		{38C0472E-C4BF-4763-BD19-A8E21D260918}.Release|Any CPU.Build.0 = Release|Any CPU
		{38C0472E-C4BF-4763-BD19-A8E21D260918}.Release|Mixed Platforms.ActiveCfg = Release|Any CPU
		{38C0472E-C4BF-4763-BD19-A8E21D260918}.Release|Mixed Platforms.Build.0 = Release|Any CPU
		{38C0472E-C4BF-4763-BD19-A8E21D260918}.Release|Win32.ActiveCfg = Release|Any CPU
		{38C0472E-C4BF-4763-BD19-A8E21D260918}.Release|x86.ActiveCfg = Release|Any CPU
	EndGlobalSection
	GlobalSection(SolutionProperties) = preSolution
		HideSolutionNode = FALSE
	EndGlobalSection
	GlobalSection(NestedProjects) = preSolution
		{7FE2ACBB-34B1-45F2-89B3-B07D92193791} = {E257D6AE-40A7-453A-BA16-BF2B200751CA}
		{266CAD81-BE35-4F1A-B632-C08DB9234BAC} = {E257D6AE-40A7-453A-BA16-BF2B200751CA}
		{EADCDEB5-650F-43E5-AC98-4C7BD2F3E460} = {E257D6AE-40A7-453A-BA16-BF2B200751CA}
		{66971D0C-9BB5-42B9-8A3B-61C5A0F21F09} = {E257D6AE-40A7-453A-BA16-BF2B200751CA}
		{D0A65306-F275-4646-B1DD-FB472B9EB6AB} = {E257D6AE-40A7-453A-BA16-BF2B200751CA}
		{66AC1C37-4388-4F1A-A120-6C3A9DDCBF7B} = {51380481-FEA8-40F4-9089-27ED5FBC4E21}
		{91322DB1-B3F4-40E1-919E-28A16FF1CC6F} = {51380481-FEA8-40F4-9089-27ED5FBC4E21}
		{07D93D8F-3F4D-4EF4-85E7-E347F973F437} = {51380481-FEA8-40F4-9089-27ED5FBC4E21}
		{4DC37DFB-A96E-4116-AB2B-CC738DC79361} = {51380481-FEA8-40F4-9089-27ED5FBC4E21}
		{F3EED9C4-647B-4BDA-A744-D8A3C0376602} = {51380481-FEA8-40F4-9089-27ED5FBC4E21}
		{4F5753AA-68E4-4B71-80BE-1A5758FB0DE6} = {51380481-FEA8-40F4-9089-27ED5FBC4E21}
		{A166F021-1D18-467B-9384-579F5985555B} = {51380481-FEA8-40F4-9089-27ED5FBC4E21}
		{0369FC99-8AA0-4595-B140-E55AC58DAB6F} = {51380481-FEA8-40F4-9089-27ED5FBC4E21}
		{38D5A7A2-09B5-446E-8F10-B10E7FDD958C} = {51380481-FEA8-40F4-9089-27ED5FBC4E21}
		{A56E8C10-C25C-4314-B101-955B261F518A} = {51380481-FEA8-40F4-9089-27ED5FBC4E21}
		{E13F5D09-9D7F-4738-AD03-EEBD9C7095E0} = {51380481-FEA8-40F4-9089-27ED5FBC4E21}
		{D0990447-8414-4C97-9CA4-08D01760D45C} = {51380481-FEA8-40F4-9089-27ED5FBC4E21}
		{38C0472E-C4BF-4763-BD19-A8E21D260918} = {4C9ED07C-CE05-42EF-A908-63B9E7E79E77}
	EndGlobalSection
EndGlobal
